{
  "name": "portfolio-generator",
  "lockfileVersion": 2,
  "requires": true,
  "packages": {
    "": {
      "name": "portfolio-generator",
      "dependencies": {
        "inquire": "^0.4.8",
        "moment": "^2.29.3",
        "require": "^0.4.4"
      }
    },
    "node_modules/inquire": {
      "version": "0.4.8",
      "resolved": "https://registry.npmjs.org/inquire/-/inquire-0.4.8.tgz",
      "integrity": "sha1-1E/tVNkWxDHKqybcxII3LtZ8TuI=",
      "engines": {
        "node": ">=0.8.22"
      }
    },
    "node_modules/moment": {
      "version": "2.29.3",
      "resolved": "https://registry.npmjs.org/moment/-/moment-2.29.3.tgz",
      "integrity": "sha512-c6YRvhEo//6T2Jz/vVtYzqBzwvPT95JBQ+smCytzf7c50oMZRsR/a4w88aD34I+/QVSfnoAnSBFPJHItlOMJVw==",
      "engines": {
        "node": "*"
      }
    },
    "node_modules/require": {
      "version": "0.4.4",
      "resolved": "https://registry.npmjs.org/require/-/require-0.4.4.tgz",
      "integrity": "sha1-AZk4Uoc4zFXr0ZRxMGsSnl61z+A=",
      "bin": {
        "require": "bin/require-command.js"
      },
      "engines": {
        "browsers": "*",
        "node": "*"
      }
    }
  },
  "dependencies": {
    "inquire": {
      "version": "0.4.8",
      "resolved": "https://registry.npmjs.org/inquire/-/inquire-0.4.8.tgz",
      "integrity": "sha1-1E/tVNkWxDHKqybcxII3LtZ8TuI="
    },
    "moment": {
      "version": "2.29.3",
      "resolved": "https://registry.npmjs.org/moment/-/moment-2.29.3.tgz",
      "integrity": "sha512-c6YRvhEo//6T2Jz/vVtYzqBzwvPT95JBQ+smCytzf7c50oMZRsR/a4w88aD34I+/QVSfnoAnSBFPJHItlOMJVw=="
    },
    "require": {
      "version": "0.4.4",
      "resolved": "https://registry.npmjs.org/require/-/require-0.4.4.tgz",
      "integrity": "sha1-AZk4Uoc4zFXr0ZRxMGsSnl61z+A="
    }
  }
}
